
Microsoft Visual Studio Solution File, Format Version 12.00
# Visual Studio Version 17
VisualStudioVersion = 17.0.31912.275
MinimumVisualStudioVersion = 10.0.40219.1
Project("{FAE04EC0-301F-11D3-BF4B-00C04F79EFBC}") = "SleepWellApp.Server", "SleepWellApp\Server\SleepWellApp.Server.csproj", "{9B638E65-83B0-4D06-B6D6-B55DC18DC8FF}"
EndProject
Project("{FAE04EC0-301F-11D3-BF4B-00C04F79EFBC}") = "SleepWellApp.Client", "SleepWellApp\Client\SleepWellApp.Client.csproj", "{7C8193A3-D37B-4D97-8CCE-D851EBAB208B}"
EndProject
Project("{FAE04EC0-301F-11D3-BF4B-00C04F79EFBC}") = "SleepWellApp.Shared", "SleepWellApp\Shared\SleepWellApp.Shared.csproj", "{973D386B-4ECB-4CB3-91B4-EF63BC8526D3}"
EndProject
Global
	GlobalSection(SolutionConfigurationPlatforms) = preSolution
		Debug|Any CPU = Debug|Any CPU
		Release|Any CPU = Release|Any CPU
	EndGlobalSection
	GlobalSection(ProjectConfigurationPlatforms) = postSolution
		{9B638E65-83B0-4D06-B6D6-B55DC18DC8FF}.Debug|Any CPU.ActiveCfg = Debug|Any CPU
		{9B638E65-83B0-4D06-B6D6-B55DC18DC8FF}.Debug|Any CPU.Build.0 = Debug|Any CPU
		{9B638E65-83B0-4D06-B6D6-B55DC18DC8FF}.Release|Any CPU.ActiveCfg = Release|Any CPU
		{9B638E65-83B0-4D06-B6D6-B55DC18DC8FF}.Release|Any CPU.Build.0 = Release|Any CPU
		{7C8193A3-D37B-4D97-8CCE-D851EBAB208B}.Debug|Any CPU.ActiveCfg = Debug|Any CPU
		{7C8193A3-D37B-4D97-8CCE-D851EBAB208B}.Debug|Any CPU.Build.0 = Debug|Any CPU
		{7C8193A3-D37B-4D97-8CCE-D851EBAB208B}.Release|Any CPU.ActiveCfg = Release|Any CPU
		{7C8193A3-D37B-4D97-8CCE-D851EBAB208B}.Release|Any CPU.Build.0 = Release|Any CPU
		{973D386B-4ECB-4CB3-91B4-EF63BC8526D3}.Debug|Any CPU.ActiveCfg = Debug|Any CPU
		{973D386B-4ECB-4CB3-91B4-EF63BC8526D3}.Debug|Any CPU.Build.0 = Debug|Any CPU
		{973D386B-4ECB-4CB3-91B4-EF63BC8526D3}.Release|Any CPU.ActiveCfg = Release|Any CPU
		{973D386B-4ECB-4CB3-91B4-EF63BC8526D3}.Release|Any CPU.Build.0 = Release|Any CPU
	EndGlobalSection
	GlobalSection(SolutionProperties) = preSolution
		HideSolutionNode = FALSE
	EndGlobalSection
	GlobalSection(ExtensibilityGlobals) = postSolution
		SolutionGuid = {857671A9-1BF3-4C45-BA5F-DD820C2730FC}
	EndGlobalSection
EndGlobal
